{
  "name": "IPL Project",
  "lockfileVersion": 3,
  "requires": true,
  "packages": {
    "": {
      "dependencies": {
        "dotenv": "^17.4.2",
        "nodemailer": "^8.0.6"
      }
    },
    "node_modules/dotenv": {
      "version": "17.4.2",
      "resolved": "https://registry.npmjs.org/dotenv/-/dotenv-17.4.2.tgz",
      "integrity": "sha512-nI4U3TottKAcAD9LLud4Cb7b2QztQMUEfHbvhTH09bqXTxnSie8WnjPALV/WMCrJZ6UV/qHJ6L03OqO3LcdYZw==",
      "license": "BSD-2-Clause",
      "engines": {
        "node": ">=12"
      },
      "funding": {
        "url": "https://dotenvx.com"
      }
    },
    "node_modules/nodemailer": {
      "version": "8.0.6",
      "resolved": "https://registry.npmjs.org/nodemailer/-/nodemailer-8.0.6.tgz",
      "integrity": "sha512-Nm2XeuDwwy2wi5A+8jPWwQwNzcjNjhWdE3pVLoXEusxJqCnAPAgnBGkSmiLknbnWuOF9qraRpYZjfxqtKZ4tPw==",
      "license": "MIT-0",
      "engines": {
        "node": ">=6.0.0"
      }
    }
  }
}
